
Microsoft Visual Studio Solution File, Format Version 12.00
# Visual Studio Version 17
VisualStudioVersion = 17.3.32901.215
MinimumVisualStudioVersion = 10.0.40219.1
Project("{FAE04EC0-301F-11D3-BF4B-00C04F79EFBC}") = "button.16", "button.16\button.16.csproj", "{36ECB374-BDE2-4753-B025-0603BBC36B7E}"
EndProject
Global
	GlobalSection(SolutionConfigurationPlatforms) = preSolution
		Debug|Any CPU = Debug|Any CPU
		Release|Any CPU = Release|Any CPU
	EndGlobalSection
	GlobalSection(ProjectConfigurationPlatforms) = postSolution
		{36ECB374-BDE2-4753-B025-0603BBC36B7E}.Debug|Any CPU.ActiveCfg = Debug|Any CPU
		{36ECB374-BDE2-4753-B025-0603BBC36B7E}.Debug|Any CPU.Build.0 = Debug|Any CPU
		{36ECB374-BDE2-4753-B025-0603BBC36B7E}.Release|Any CPU.ActiveCfg = Release|Any CPU
		{36ECB374-BDE2-4753-B025-0603BBC36B7E}.Release|Any CPU.Build.0 = Release|Any CPU
	EndGlobalSection
	GlobalSection(SolutionProperties) = preSolution
		HideSolutionNode = FALSE
	EndGlobalSection
	GlobalSection(ExtensibilityGlobals) = postSolution
		SolutionGuid = {CF1C8710-46BC-42C2-B72F-27DE3EA7C64D}
	EndGlobalSection
EndGlobal
